
Microsoft Visual Studio Solution File, Format Version 12.00
# Visual Studio Version 16
VisualStudioVersion = 16.0.29201.188
MinimumVisualStudioVersion = 10.0.40219.1
Project("{FAE04EC0-301F-11D3-BF4B-00C04F79EFBC}") = "Worldhands.Common", "Worldhands.Common\Worldhands.Common.csproj", "{1C05CBAB-6278-459D-8D33-DC4C477B41FB}"
EndProject
Project("{FAE04EC0-301F-11D3-BF4B-00C04F79EFBC}") = "Worldhands.Web", "Worldhands.Web\Worldhands.Web.csproj", "{4138DE72-C620-4540-8326-73D9B3699DC8}"
EndProject
Project("{FAE04EC0-301F-11D3-BF4B-00C04F79EFBC}") = "Worldhands.Prism", "Worldhands.Prism\Worldhands.Prism\Worldhands.Prism.csproj", "{B0B5D540-1428-4BAE-A679-2D166536B595}"
EndProject
Project("{FAE04EC0-301F-11D3-BF4B-00C04F79EFBC}") = "Worldhands.Prism.Android", "Worldhands.Prism\Worldhands.Prism.Android\Worldhands.Prism.Android.csproj", "{BDDD822F-D42F-4280-871F-6F2C469EC1C0}"
EndProject
Global
	GlobalSection(SolutionConfigurationPlatforms) = preSolution
		Debug|Any CPU = Debug|Any CPU
		Release|Any CPU = Release|Any CPU
	EndGlobalSection
	GlobalSection(ProjectConfigurationPlatforms) = postSolution
		{1C05CBAB-6278-459D-8D33-DC4C477B41FB}.Debug|Any CPU.ActiveCfg = Debug|Any CPU
		{1C05CBAB-6278-459D-8D33-DC4C477B41FB}.Debug|Any CPU.Build.0 = Debug|Any CPU
		{1C05CBAB-6278-459D-8D33-DC4C477B41FB}.Release|Any CPU.ActiveCfg = Release|Any CPU
		{1C05CBAB-6278-459D-8D33-DC4C477B41FB}.Release|Any CPU.Build.0 = Release|Any CPU
		{4138DE72-C620-4540-8326-73D9B3699DC8}.Debug|Any CPU.ActiveCfg = Debug|Any CPU
		{4138DE72-C620-4540-8326-73D9B3699DC8}.Debug|Any CPU.Build.0 = Debug|Any CPU
		{4138DE72-C620-4540-8326-73D9B3699DC8}.Release|Any CPU.ActiveCfg = Release|Any CPU
		{4138DE72-C620-4540-8326-73D9B3699DC8}.Release|Any CPU.Build.0 = Release|Any CPU
		{B0B5D540-1428-4BAE-A679-2D166536B595}.Debug|Any CPU.ActiveCfg = Debug|Any CPU
		{B0B5D540-1428-4BAE-A679-2D166536B595}.Debug|Any CPU.Build.0 = Debug|Any CPU
		{B0B5D540-1428-4BAE-A679-2D166536B595}.Release|Any CPU.ActiveCfg = Release|Any CPU
		{B0B5D540-1428-4BAE-A679-2D166536B595}.Release|Any CPU.Build.0 = Release|Any CPU
		{BDDD822F-D42F-4280-871F-6F2C469EC1C0}.Debug|Any CPU.ActiveCfg = Debug|Any CPU
		{BDDD822F-D42F-4280-871F-6F2C469EC1C0}.Debug|Any CPU.Build.0 = Debug|Any CPU
		{BDDD822F-D42F-4280-871F-6F2C469EC1C0}.Debug|Any CPU.Deploy.0 = Debug|Any CPU
		{BDDD822F-D42F-4280-871F-6F2C469EC1C0}.Release|Any CPU.ActiveCfg = Release|Any CPU
		{BDDD822F-D42F-4280-871F-6F2C469EC1C0}.Release|Any CPU.Build.0 = Release|Any CPU
		{BDDD822F-D42F-4280-871F-6F2C469EC1C0}.Release|Any CPU.Deploy.0 = Release|Any CPU
	EndGlobalSection
	GlobalSection(SolutionProperties) = preSolution
		HideSolutionNode = FALSE
	EndGlobalSection
	GlobalSection(ExtensibilityGlobals) = postSolution
		SolutionGuid = {0192BB88-A258-424E-BEB1-2FABF173088B}
	EndGlobalSection
EndGlobal
